
Microsoft Visual Studio Solution File, Format Version 12.00
# Visual Studio Version 16
VisualStudioVersion = 16.0.29911.84
MinimumVisualStudioVersion = 10.0.40219.1
Project("{8BC9CEB8-8B4A-11D0-8D11-00A0C91BC942}") = "simple_direct2d", "simple_direct2d\simple_direct2d.vcxproj", "{B195C173-532D-40F3-BBFE-DD2DE1F80EE4}"
EndProject
Project("{8BC9CEB8-8B4A-11D0-8D11-00A0C91BC942}") = "simple_filepicker", "simple_filepicker\simple_filepicker.vcxproj", "{B9F22AB2-D40B-4270-B6DE-72FD41800347}"
EndProject
Project("{8BC9CEB8-8B4A-11D0-8D11-00A0C91BC942}") = "simple_userinput", "simple_userinput\simple_userinput.vcxproj", "{235C945D-7D88-4495-8A20-F0705875A56B}"
EndProject
Project("{8BC9CEB8-8B4A-11D0-8D11-00A0C91BC942}") = "simple_drawing_app", "simple_drawing_app\simple_drawing_app.vcxproj", "{B9BB5829-9E10-4676-9AAE-349971390692}"
EndProject
Project("{8BC9CEB8-8B4A-11D0-8D11-00A0C91BC942}") = "DirectX_start", "DirectX_start\DirectX_start.vcxproj", "{B97215C4-597F-4EB5-91E9-F198530D8979}"
EndProject
Global
	GlobalSection(SolutionConfigurationPlatforms) = preSolution
		Debug|x64 = Debug|x64
		Debug|x86 = Debug|x86
		Release|x64 = Release|x64
		Release|x86 = Release|x86
	EndGlobalSection
	GlobalSection(ProjectConfigurationPlatforms) = postSolution
		{B195C173-532D-40F3-BBFE-DD2DE1F80EE4}.Debug|x64.ActiveCfg = Debug|x64
		{B195C173-532D-40F3-BBFE-DD2DE1F80EE4}.Debug|x64.Build.0 = Debug|x64
		{B195C173-532D-40F3-BBFE-DD2DE1F80EE4}.Debug|x86.ActiveCfg = Debug|Win32
		{B195C173-532D-40F3-BBFE-DD2DE1F80EE4}.Debug|x86.Build.0 = Debug|Win32
		{B195C173-532D-40F3-BBFE-DD2DE1F80EE4}.Release|x64.ActiveCfg = Release|x64
		{B195C173-532D-40F3-BBFE-DD2DE1F80EE4}.Release|x64.Build.0 = Release|x64
		{B195C173-532D-40F3-BBFE-DD2DE1F80EE4}.Release|x86.ActiveCfg = Release|Win32
		{B195C173-532D-40F3-BBFE-DD2DE1F80EE4}.Release|x86.Build.0 = Release|Win32
		{B9F22AB2-D40B-4270-B6DE-72FD41800347}.Debug|x64.ActiveCfg = Debug|x64
		{B9F22AB2-D40B-4270-B6DE-72FD41800347}.Debug|x64.Build.0 = Debug|x64
		{B9F22AB2-D40B-4270-B6DE-72FD41800347}.Debug|x86.ActiveCfg = Debug|Win32
		{B9F22AB2-D40B-4270-B6DE-72FD41800347}.Debug|x86.Build.0 = Debug|Win32
		{B9F22AB2-D40B-4270-B6DE-72FD41800347}.Release|x64.ActiveCfg = Release|x64
		{B9F22AB2-D40B-4270-B6DE-72FD41800347}.Release|x64.Build.0 = Release|x64
		{B9F22AB2-D40B-4270-B6DE-72FD41800347}.Release|x86.ActiveCfg = Release|Win32
		{B9F22AB2-D40B-4270-B6DE-72FD41800347}.Release|x86.Build.0 = Release|Win32
		{235C945D-7D88-4495-8A20-F0705875A56B}.Debug|x64.ActiveCfg = Debug|x64
		{235C945D-7D88-4495-8A20-F0705875A56B}.Debug|x64.Build.0 = Debug|x64
		{235C945D-7D88-4495-8A20-F0705875A56B}.Debug|x86.ActiveCfg = Debug|Win32
		{235C945D-7D88-4495-8A20-F0705875A56B}.Debug|x86.Build.0 = Debug|Win32
		{235C945D-7D88-4495-8A20-F0705875A56B}.Release|x64.ActiveCfg = Release|x64
		{235C945D-7D88-4495-8A20-F0705875A56B}.Release|x64.Build.0 = Release|x64
		{235C945D-7D88-4495-8A20-F0705875A56B}.Release|x86.ActiveCfg = Release|Win32
		{235C945D-7D88-4495-8A20-F0705875A56B}.Release|x86.Build.0 = Release|Win32
		{B9BB5829-9E10-4676-9AAE-349971390692}.Debug|x64.ActiveCfg = Debug|x64
		{B9BB5829-9E10-4676-9AAE-349971390692}.Debug|x64.Build.0 = Debug|x64
		{B9BB5829-9E10-4676-9AAE-349971390692}.Debug|x86.ActiveCfg = Debug|Win32
		{B9BB5829-9E10-4676-9AAE-349971390692}.Debug|x86.Build.0 = Debug|Win32
		{B9BB5829-9E10-4676-9AAE-349971390692}.Release|x64.ActiveCfg = Release|x64
		{B9BB5829-9E10-4676-9AAE-349971390692}.Release|x64.Build.0 = Release|x64
		{B9BB5829-9E10-4676-9AAE-349971390692}.Release|x86.ActiveCfg = Release|Win32
		{B9BB5829-9E10-4676-9AAE-349971390692}.Release|x86.Build.0 = Release|Win32
		{B97215C4-597F-4EB5-91E9-F198530D8979}.Debug|x64.ActiveCfg = Debug|x64
		{B97215C4-597F-4EB5-91E9-F198530D8979}.Debug|x64.Build.0 = Debug|x64
		{B97215C4-597F-4EB5-91E9-F198530D8979}.Debug|x86.ActiveCfg = Debug|Win32
		{B97215C4-597F-4EB5-91E9-F198530D8979}.Debug|x86.Build.0 = Debug|Win32
		{B97215C4-597F-4EB5-91E9-F198530D8979}.Release|x64.ActiveCfg = Release|x64
		{B97215C4-597F-4EB5-91E9-F198530D8979}.Release|x64.Build.0 = Release|x64
		{B97215C4-597F-4EB5-91E9-F198530D8979}.Release|x86.ActiveCfg = Release|Win32
		{B97215C4-597F-4EB5-91E9-F198530D8979}.Release|x86.Build.0 = Release|Win32
	EndGlobalSection
	GlobalSection(SolutionProperties) = preSolution
		HideSolutionNode = FALSE
	EndGlobalSection
	GlobalSection(ExtensibilityGlobals) = postSolution
		SolutionGuid = {714AB846-34EF-4043-85E3-4DFA5A9D6AF9}
	EndGlobalSection
EndGlobal
